
Microsoft Visual Studio Solution File, Format Version 10.00
# Visual Studio 2008
Project("{F14B399A-7131-4C87-9E4B-1186C45EF12D}") = "Manufacturing-Released Order Info", "Manufacturing-Released Order Info.rptproj", "{CBF8880B-4CB8-40F4-B0EE-B611AB8A1450}"
EndProject
Global
	GlobalSection(SolutionConfigurationPlatforms) = preSolution
		Debug|Default = Debug|Default
		DebugLocal|Default = DebugLocal|Default
		Release|Default = Release|Default
	EndGlobalSection
	GlobalSection(ProjectConfigurationPlatforms) = postSolution
		{CBF8880B-4CB8-40F4-B0EE-B611AB8A1450}.Debug|Default.ActiveCfg = Debug
		{CBF8880B-4CB8-40F4-B0EE-B611AB8A1450}.Debug|Default.Build.0 = DebugLocal
		{CBF8880B-4CB8-40F4-B0EE-B611AB8A1450}.Debug|Default.Deploy.0 = DebugLocal
		{CBF8880B-4CB8-40F4-B0EE-B611AB8A1450}.DebugLocal|Default.ActiveCfg = DebugLocal
		{CBF8880B-4CB8-40F4-B0EE-B611AB8A1450}.DebugLocal|Default.Build.0 = DebugLocal
		{CBF8880B-4CB8-40F4-B0EE-B611AB8A1450}.DebugLocal|Default.Deploy.0 = DebugLocal
		{CBF8880B-4CB8-40F4-B0EE-B611AB8A1450}.Release|Default.ActiveCfg = Release
		{CBF8880B-4CB8-40F4-B0EE-B611AB8A1450}.Release|Default.Build.0 = Release
		{CBF8880B-4CB8-40F4-B0EE-B611AB8A1450}.Release|Default.Deploy.0 = Release
	EndGlobalSection
	GlobalSection(SolutionProperties) = preSolution
		HideSolutionNode = FALSE
	EndGlobalSection
EndGlobal
