
Microsoft Visual Studio Solution File, Format Version 10.00
# Visual Studio 2008
Project("{F14B399A-7131-4C87-9E4B-1186C45EF12D}") = "Blue Cards", "Blue Cards.rptproj", "{559CE271-7038-4BC3-8B75-6995AA884992}"
EndProject
Global
	GlobalSection(SolutionConfigurationPlatforms) = preSolution
		Debug|Default = Debug|Default
		DebugLocal|Default = DebugLocal|Default
		Release|Default = Release|Default
	EndGlobalSection
	GlobalSection(ProjectConfigurationPlatforms) = postSolution
		{559CE271-7038-4BC3-8B75-6995AA884992}.Debug|Default.ActiveCfg = Debug
		{559CE271-7038-4BC3-8B75-6995AA884992}.Debug|Default.Build.0 = DebugLocal
		{559CE271-7038-4BC3-8B75-6995AA884992}.Debug|Default.Deploy.0 = DebugLocal
		{559CE271-7038-4BC3-8B75-6995AA884992}.DebugLocal|Default.ActiveCfg = DebugLocal
		{559CE271-7038-4BC3-8B75-6995AA884992}.DebugLocal|Default.Build.0 = DebugLocal
		{559CE271-7038-4BC3-8B75-6995AA884992}.DebugLocal|Default.Deploy.0 = DebugLocal
		{559CE271-7038-4BC3-8B75-6995AA884992}.Release|Default.ActiveCfg = Release
		{559CE271-7038-4BC3-8B75-6995AA884992}.Release|Default.Build.0 = Release
		{559CE271-7038-4BC3-8B75-6995AA884992}.Release|Default.Deploy.0 = Release
	EndGlobalSection
	GlobalSection(SolutionProperties) = preSolution
		HideSolutionNode = FALSE
	EndGlobalSection
EndGlobal
