
Microsoft Visual Studio Solution File, Format Version 10.00
# Visual Studio 2008
Project("{F14B399A-7131-4C87-9E4B-1186C45EF12D}") = "Piece Count Reports", "Piece Count Reports.rptproj", "{2D29A9E5-1E8F-40E5-9824-AF398EDA61EE}"
EndProject
Global
	GlobalSection(SolutionConfigurationPlatforms) = preSolution
		Debug|Default = Debug|Default
		DebugLocal|Default = DebugLocal|Default
		Release|Default = Release|Default
	EndGlobalSection
	GlobalSection(ProjectConfigurationPlatforms) = postSolution
		{2D29A9E5-1E8F-40E5-9824-AF398EDA61EE}.Debug|Default.ActiveCfg = Debug
		{2D29A9E5-1E8F-40E5-9824-AF398EDA61EE}.Debug|Default.Build.0 = DebugLocal
		{2D29A9E5-1E8F-40E5-9824-AF398EDA61EE}.Debug|Default.Deploy.0 = DebugLocal
		{2D29A9E5-1E8F-40E5-9824-AF398EDA61EE}.DebugLocal|Default.ActiveCfg = DebugLocal
		{2D29A9E5-1E8F-40E5-9824-AF398EDA61EE}.DebugLocal|Default.Build.0 = DebugLocal
		{2D29A9E5-1E8F-40E5-9824-AF398EDA61EE}.DebugLocal|Default.Deploy.0 = DebugLocal
		{2D29A9E5-1E8F-40E5-9824-AF398EDA61EE}.Release|Default.ActiveCfg = Release
		{2D29A9E5-1E8F-40E5-9824-AF398EDA61EE}.Release|Default.Build.0 = Release
		{2D29A9E5-1E8F-40E5-9824-AF398EDA61EE}.Release|Default.Deploy.0 = Release
	EndGlobalSection
	GlobalSection(SolutionProperties) = preSolution
		HideSolutionNode = FALSE
	EndGlobalSection
EndGlobal
